
Microsoft Visual Studio Solution File, Format Version 12.00
# Visual Studio Version 16
VisualStudioVersion = 16.0.30523.141
MinimumVisualStudioVersion = 10.0.40219.1
Project("{FAE04EC0-301F-11D3-BF4B-00C04F79EFBC}") = "Patterns", "Patterns\Patterns.csproj", "{AB87BF7B-930D-4BB3-B252-1EA3566E97AF}"
EndProject
Global
	GlobalSection(SolutionConfigurationPlatforms) = preSolution
		Debug|Any CPU = Debug|Any CPU
		Release|Any CPU = Release|Any CPU
	EndGlobalSection
	GlobalSection(ProjectConfigurationPlatforms) = postSolution
		{AB87BF7B-930D-4BB3-B252-1EA3566E97AF}.Debug|Any CPU.ActiveCfg = Debug|Any CPU
		{AB87BF7B-930D-4BB3-B252-1EA3566E97AF}.Debug|Any CPU.Build.0 = Debug|Any CPU
		{AB87BF7B-930D-4BB3-B252-1EA3566E97AF}.Release|Any CPU.ActiveCfg = Release|Any CPU
		{AB87BF7B-930D-4BB3-B252-1EA3566E97AF}.Release|Any CPU.Build.0 = Release|Any CPU
	EndGlobalSection
	GlobalSection(SolutionProperties) = preSolution
		HideSolutionNode = FALSE
	EndGlobalSection
	GlobalSection(ExtensibilityGlobals) = postSolution
		SolutionGuid = {2B4A03F8-3975-4668-BBBC-276671AB6E0A}
	EndGlobalSection
EndGlobal
